
Microsoft Visual Studio Solution File, Format Version 12.00
# Visual Studio Version 17
VisualStudioVersion = 17.8.34316.72
MinimumVisualStudioVersion = 10.0.40219.1
Project("{FAE04EC0-301F-11D3-BF4B-00C04F79EFBC}") = "AuthService", "src\AuthService.csproj", "{C1D2E3F4-A5B6-7890-CDEF-012345678901}"
EndProject
Project("{FAE04EC0-301F-11D3-BF4B-00C04F79EFBC}") = "AuthService.Tests", "tests\AuthService.Tests.csproj", "{D2E3F4A5-B6C7-8901-CDEF-123456789012}"
EndProject
Project("{2150E333-8FDC-42A3-9474-1A3956D46DE8}") = "architecture-tests", "architecture-tests", "{76D30A57-0D7B-3443-3B2D-B798C2DAA1AA}"
EndProject
Project("{FAE04EC0-301F-11D3-BF4B-00C04F79EFBC}") = "AuthService.Architecture.Tests", "architecture-tests\AuthService.Architecture.Tests.csproj", "{1C4F9E08-D808-4847-AB4A-77C2E28868A7}"
EndProject
Global
	GlobalSection(SolutionConfigurationPlatforms) = preSolution
		Debug|Any CPU = Debug|Any CPU
		Debug|x64 = Debug|x64
		Debug|x86 = Debug|x86
		Release|Any CPU = Release|Any CPU
		Release|x64 = Release|x64
		Release|x86 = Release|x86
	EndGlobalSection
	GlobalSection(ProjectConfigurationPlatforms) = postSolution
		{C1D2E3F4-A5B6-7890-CDEF-012345678901}.Debug|Any CPU.ActiveCfg = Debug|Any CPU
		{C1D2E3F4-A5B6-7890-CDEF-012345678901}.Debug|Any CPU.Build.0 = Debug|Any CPU
		{C1D2E3F4-A5B6-7890-CDEF-012345678901}.Debug|x64.ActiveCfg = Debug|Any CPU
		{C1D2E3F4-A5B6-7890-CDEF-012345678901}.Debug|x64.Build.0 = Debug|Any CPU
		{C1D2E3F4-A5B6-7890-CDEF-012345678901}.Debug|x86.ActiveCfg = Debug|Any CPU
		{C1D2E3F4-A5B6-7890-CDEF-012345678901}.Debug|x86.Build.0 = Debug|Any CPU
		{C1D2E3F4-A5B6-7890-CDEF-012345678901}.Release|Any CPU.ActiveCfg = Release|Any CPU
		{C1D2E3F4-A5B6-7890-CDEF-012345678901}.Release|Any CPU.Build.0 = Release|Any CPU
		{C1D2E3F4-A5B6-7890-CDEF-012345678901}.Release|x64.ActiveCfg = Release|Any CPU
		{C1D2E3F4-A5B6-7890-CDEF-012345678901}.Release|x64.Build.0 = Release|Any CPU
		{C1D2E3F4-A5B6-7890-CDEF-012345678901}.Release|x86.ActiveCfg = Release|Any CPU
		{C1D2E3F4-A5B6-7890-CDEF-012345678901}.Release|x86.Build.0 = Release|Any CPU
		{D2E3F4A5-B6C7-8901-CDEF-123456789012}.Debug|Any CPU.ActiveCfg = Debug|Any CPU
		{D2E3F4A5-B6C7-8901-CDEF-123456789012}.Debug|Any CPU.Build.0 = Debug|Any CPU
		{D2E3F4A5-B6C7-8901-CDEF-123456789012}.Debug|x64.ActiveCfg = Debug|Any CPU
		{D2E3F4A5-B6C7-8901-CDEF-123456789012}.Debug|x64.Build.0 = Debug|Any CPU
		{D2E3F4A5-B6C7-8901-CDEF-123456789012}.Debug|x86.ActiveCfg = Debug|Any CPU
		{D2E3F4A5-B6C7-8901-CDEF-123456789012}.Debug|x86.Build.0 = Debug|Any CPU
		{D2E3F4A5-B6C7-8901-CDEF-123456789012}.Release|Any CPU.ActiveCfg = Release|Any CPU
		{D2E3F4A5-B6C7-8901-CDEF-123456789012}.Release|Any CPU.Build.0 = Release|Any CPU
		{D2E3F4A5-B6C7-8901-CDEF-123456789012}.Release|x64.ActiveCfg = Release|Any CPU
		{D2E3F4A5-B6C7-8901-CDEF-123456789012}.Release|x64.Build.0 = Release|Any CPU
		{D2E3F4A5-B6C7-8901-CDEF-123456789012}.Release|x86.ActiveCfg = Release|Any CPU
		{D2E3F4A5-B6C7-8901-CDEF-123456789012}.Release|x86.Build.0 = Release|Any CPU
		{1C4F9E08-D808-4847-AB4A-77C2E28868A7}.Debug|Any CPU.ActiveCfg = Debug|Any CPU
		{1C4F9E08-D808-4847-AB4A-77C2E28868A7}.Debug|Any CPU.Build.0 = Debug|Any CPU
		{1C4F9E08-D808-4847-AB4A-77C2E28868A7}.Debug|x64.ActiveCfg = Debug|Any CPU
		{1C4F9E08-D808-4847-AB4A-77C2E28868A7}.Debug|x64.Build.0 = Debug|Any CPU
		{1C4F9E08-D808-4847-AB4A-77C2E28868A7}.Debug|x86.ActiveCfg = Debug|Any CPU
		{1C4F9E08-D808-4847-AB4A-77C2E28868A7}.Debug|x86.Build.0 = Debug|Any CPU
		{1C4F9E08-D808-4847-AB4A-77C2E28868A7}.Release|Any CPU.ActiveCfg = Release|Any CPU
		{1C4F9E08-D808-4847-AB4A-77C2E28868A7}.Release|Any CPU.Build.0 = Release|Any CPU
		{1C4F9E08-D808-4847-AB4A-77C2E28868A7}.Release|x64.ActiveCfg = Release|Any CPU
		{1C4F9E08-D808-4847-AB4A-77C2E28868A7}.Release|x64.Build.0 = Release|Any CPU
		{1C4F9E08-D808-4847-AB4A-77C2E28868A7}.Release|x86.ActiveCfg = Release|Any CPU
		{1C4F9E08-D808-4847-AB4A-77C2E28868A7}.Release|x86.Build.0 = Release|Any CPU
	EndGlobalSection
	GlobalSection(SolutionProperties) = preSolution
		HideSolutionNode = FALSE
	EndGlobalSection
	GlobalSection(NestedProjects) = preSolution
		{1C4F9E08-D808-4847-AB4A-77C2E28868A7} = {76D30A57-0D7B-3443-3B2D-B798C2DAA1AA}
	EndGlobalSection
EndGlobal
